
Microsoft Visual Studio Solution File, Format Version 12.00
# Visual Studio 2012
# SharpDevelop 5.1
VisualStudioVersion = 15.0.26430.14
MinimumVisualStudioVersion = 10.0.40219.1
Project("{2150E333-8FDC-42A3-9474-1A3956D46DE8}") = "Forms", "Forms", "{DC8F7E3A-4DDD-4C5E-B94A-1F80390AB7E0}"
EndProject
Project("{FAE04EC0-301F-11D3-BF4B-00C04F79EFBC}") = "FormMain", "Sys\bin\Debug\Forms\FormMain\FormMain.csproj", "{BE40A3F3-FF44-41E2-A7E2-884D0E2D8042}"
EndProject
Project("{FAE04EC0-301F-11D3-BF4B-00C04F79EFBC}") = "FormContract", "Sys\bin\Debug\Forms\FormContract\FormContract.csproj", "{AA3CFCA7-0D37-4A7F-8977-FCEFE87628C3}"
EndProject
Project("{FAE04EC0-301F-11D3-BF4B-00C04F79EFBC}") = "FormReportSample", "Sys\bin\Debug\Forms\FormReportSample\FormReportSample.csproj", "{1BEAE483-C72C-47BD-A896-3E5E2A27B2A5}"
EndProject
Project("{FAE04EC0-301F-11D3-BF4B-00C04F79EFBC}") = "MethodDocument", "Sys\bin\Debug\Forms\MethodDocument\MethodDocument.csproj", "{7990618F-12B8-48B0-97D7-10CE0D68063E}"
EndProject
Project("{2150E333-8FDC-42A3-9474-1A3956D46DE8}") = "System", "System", "{AE25E0AD-714F-4E88-A77A-90EEE4FE96DA}"
EndProject
Project("{FAE04EC0-301F-11D3-BF4B-00C04F79EFBC}") = "ClientApp", "ClientApp\ClientApp.csproj", "{4CE95C57-06CA-4C54-9229-CE2F444D76F0}"
EndProject
Project("{FAE04EC0-301F-11D3-BF4B-00C04F79EFBC}") = "ParserApp", "ParserApp\ParserApp.csproj", "{D6229756-8EC6-421D-95C5-8E7D0F5EFC3C}"
EndProject
Project("{FAE04EC0-301F-11D3-BF4B-00C04F79EFBC}") = "ServerApp", "ServerApp\ServerApp.csproj", "{C833B42E-177A-440B-A5CC-CC6A589FD33F}"
EndProject
Project("{FAE04EC0-301F-11D3-BF4B-00C04F79EFBC}") = "Sys", "sys\Sys.csproj", "{C86D7050-06D8-40DD-9E65-9E5A8A341F7F}"
EndProject
Project("{FAE04EC0-301F-11D3-BF4B-00C04F79EFBC}") = "Updater", "Updater\Updater.csproj", "{CF4B4857-6E1A-4BC5-A8F0-B6827B02C1A0}"
EndProject
Project("{FAE04EC0-301F-11D3-BF4B-00C04F79EFBC}") = "Utility", "Utility\Utility.csproj", "{397FCB0F-23DE-4B8A-8C35-9174106DF8B9}"
EndProject
Project("{FAE04EC0-301F-11D3-BF4B-00C04F79EFBC}") = "License", "License\License.csproj", "{962439BF-27D2-4DBC-ABFC-35E4537A29A6}"
EndProject
Project("{FAE04EC0-301F-11D3-BF4B-00C04F79EFBC}") = "ParserDLL", "ParserDLL\ParserDLL.csproj", "{AEB82442-842A-461D-9A73-395F6322CF14}"
EndProject
Project("{2150E333-8FDC-42A3-9474-1A3956D46DE8}") = "Template", "Template", "{9D707440-83D2-4EF3-9E0C-1C05881D2AF2}"
EndProject
Project("{FAE04EC0-301F-11D3-BF4B-00C04F79EFBC}") = "DLLCustom", "Sys\bin\Debug\Template\DLLCustom\DLLCustom.csproj", "{75C88290-0C41-4766-AA53-A78E7473E432}"
EndProject
Project("{FAE04EC0-301F-11D3-BF4B-00C04F79EFBC}") = "FormCustom", "Sys\bin\Debug\Template\FormCustom\FormCustom.csproj", "{D32AE4FD-4A61-4872-B56B-00D60004E663}"
EndProject
Project("{FAE04EC0-301F-11D3-BF4B-00C04F79EFBC}") = "FormMain", "Sys\bin\Debug\Template\FormMain\FormMain.csproj", "{DA0F4C7D-30F8-431F-A0A8-3A5ED97D6F51}"
EndProject
Global
	GlobalSection(SolutionConfigurationPlatforms) = preSolution
		Debug|Any CPU = Debug|Any CPU
		Release|Any CPU = Release|Any CPU
	EndGlobalSection
	GlobalSection(ProjectConfigurationPlatforms) = postSolution
		{BE40A3F3-FF44-41E2-A7E2-884D0E2D8042}.Debug|Any CPU.ActiveCfg = Debug|Any CPU
		{BE40A3F3-FF44-41E2-A7E2-884D0E2D8042}.Debug|Any CPU.Build.0 = Debug|Any CPU
		{BE40A3F3-FF44-41E2-A7E2-884D0E2D8042}.Release|Any CPU.ActiveCfg = Release|Any CPU
		{BE40A3F3-FF44-41E2-A7E2-884D0E2D8042}.Release|Any CPU.Build.0 = Release|Any CPU
		{AA3CFCA7-0D37-4A7F-8977-FCEFE87628C3}.Debug|Any CPU.ActiveCfg = Debug|Any CPU
		{AA3CFCA7-0D37-4A7F-8977-FCEFE87628C3}.Debug|Any CPU.Build.0 = Debug|Any CPU
		{AA3CFCA7-0D37-4A7F-8977-FCEFE87628C3}.Release|Any CPU.ActiveCfg = Release|Any CPU
		{AA3CFCA7-0D37-4A7F-8977-FCEFE87628C3}.Release|Any CPU.Build.0 = Release|Any CPU
		{1BEAE483-C72C-47BD-A896-3E5E2A27B2A5}.Debug|Any CPU.ActiveCfg = Debug|Any CPU
		{1BEAE483-C72C-47BD-A896-3E5E2A27B2A5}.Debug|Any CPU.Build.0 = Debug|Any CPU
		{1BEAE483-C72C-47BD-A896-3E5E2A27B2A5}.Release|Any CPU.ActiveCfg = Release|Any CPU
		{1BEAE483-C72C-47BD-A896-3E5E2A27B2A5}.Release|Any CPU.Build.0 = Release|Any CPU
		{7990618F-12B8-48B0-97D7-10CE0D68063E}.Debug|Any CPU.ActiveCfg = Debug|Any CPU
		{7990618F-12B8-48B0-97D7-10CE0D68063E}.Debug|Any CPU.Build.0 = Debug|Any CPU
		{7990618F-12B8-48B0-97D7-10CE0D68063E}.Release|Any CPU.ActiveCfg = Release|Any CPU
		{7990618F-12B8-48B0-97D7-10CE0D68063E}.Release|Any CPU.Build.0 = Release|Any CPU
		{4CE95C57-06CA-4C54-9229-CE2F444D76F0}.Debug|Any CPU.ActiveCfg = Debug|Any CPU
		{4CE95C57-06CA-4C54-9229-CE2F444D76F0}.Debug|Any CPU.Build.0 = Debug|Any CPU
		{4CE95C57-06CA-4C54-9229-CE2F444D76F0}.Release|Any CPU.ActiveCfg = Release|Any CPU
		{4CE95C57-06CA-4C54-9229-CE2F444D76F0}.Release|Any CPU.Build.0 = Release|Any CPU
		{D6229756-8EC6-421D-95C5-8E7D0F5EFC3C}.Debug|Any CPU.ActiveCfg = Debug|Any CPU
		{D6229756-8EC6-421D-95C5-8E7D0F5EFC3C}.Debug|Any CPU.Build.0 = Debug|Any CPU
		{D6229756-8EC6-421D-95C5-8E7D0F5EFC3C}.Release|Any CPU.ActiveCfg = Release|Any CPU
		{D6229756-8EC6-421D-95C5-8E7D0F5EFC3C}.Release|Any CPU.Build.0 = Release|Any CPU
		{C833B42E-177A-440B-A5CC-CC6A589FD33F}.Debug|Any CPU.ActiveCfg = Debug|Any CPU
		{C833B42E-177A-440B-A5CC-CC6A589FD33F}.Debug|Any CPU.Build.0 = Debug|Any CPU
		{C833B42E-177A-440B-A5CC-CC6A589FD33F}.Release|Any CPU.ActiveCfg = Release|Any CPU
		{C833B42E-177A-440B-A5CC-CC6A589FD33F}.Release|Any CPU.Build.0 = Release|Any CPU
		{C86D7050-06D8-40DD-9E65-9E5A8A341F7F}.Debug|Any CPU.ActiveCfg = Debug|Any CPU
		{C86D7050-06D8-40DD-9E65-9E5A8A341F7F}.Debug|Any CPU.Build.0 = Debug|Any CPU
		{C86D7050-06D8-40DD-9E65-9E5A8A341F7F}.Release|Any CPU.ActiveCfg = Release|Any CPU
		{C86D7050-06D8-40DD-9E65-9E5A8A341F7F}.Release|Any CPU.Build.0 = Release|Any CPU
		{CF4B4857-6E1A-4BC5-A8F0-B6827B02C1A0}.Debug|Any CPU.ActiveCfg = Debug|Any CPU
		{CF4B4857-6E1A-4BC5-A8F0-B6827B02C1A0}.Debug|Any CPU.Build.0 = Debug|Any CPU
		{CF4B4857-6E1A-4BC5-A8F0-B6827B02C1A0}.Release|Any CPU.ActiveCfg = Release|Any CPU
		{CF4B4857-6E1A-4BC5-A8F0-B6827B02C1A0}.Release|Any CPU.Build.0 = Release|Any CPU
		{397FCB0F-23DE-4B8A-8C35-9174106DF8B9}.Debug|Any CPU.ActiveCfg = Debug|Any CPU
		{397FCB0F-23DE-4B8A-8C35-9174106DF8B9}.Debug|Any CPU.Build.0 = Debug|Any CPU
		{397FCB0F-23DE-4B8A-8C35-9174106DF8B9}.Release|Any CPU.ActiveCfg = Release|Any CPU
		{397FCB0F-23DE-4B8A-8C35-9174106DF8B9}.Release|Any CPU.Build.0 = Release|Any CPU
		{962439BF-27D2-4DBC-ABFC-35E4537A29A6}.Debug|Any CPU.ActiveCfg = Debug|Any CPU
		{962439BF-27D2-4DBC-ABFC-35E4537A29A6}.Debug|Any CPU.Build.0 = Debug|Any CPU
		{962439BF-27D2-4DBC-ABFC-35E4537A29A6}.Release|Any CPU.ActiveCfg = Release|Any CPU
		{962439BF-27D2-4DBC-ABFC-35E4537A29A6}.Release|Any CPU.Build.0 = Release|Any CPU
		{AEB82442-842A-461D-9A73-395F6322CF14}.Debug|Any CPU.ActiveCfg = Debug|Any CPU
		{AEB82442-842A-461D-9A73-395F6322CF14}.Debug|Any CPU.Build.0 = Debug|Any CPU
		{AEB82442-842A-461D-9A73-395F6322CF14}.Release|Any CPU.ActiveCfg = Release|Any CPU
		{AEB82442-842A-461D-9A73-395F6322CF14}.Release|Any CPU.Build.0 = Release|Any CPU
		{75C88290-0C41-4766-AA53-A78E7473E432}.Debug|Any CPU.ActiveCfg = Debug|Any CPU
		{75C88290-0C41-4766-AA53-A78E7473E432}.Debug|Any CPU.Build.0 = Debug|Any CPU
		{75C88290-0C41-4766-AA53-A78E7473E432}.Release|Any CPU.ActiveCfg = Release|Any CPU
		{75C88290-0C41-4766-AA53-A78E7473E432}.Release|Any CPU.Build.0 = Release|Any CPU
		{D32AE4FD-4A61-4872-B56B-00D60004E663}.Debug|Any CPU.ActiveCfg = Debug|Any CPU
		{D32AE4FD-4A61-4872-B56B-00D60004E663}.Debug|Any CPU.Build.0 = Debug|Any CPU
		{D32AE4FD-4A61-4872-B56B-00D60004E663}.Release|Any CPU.ActiveCfg = Release|Any CPU
		{D32AE4FD-4A61-4872-B56B-00D60004E663}.Release|Any CPU.Build.0 = Release|Any CPU
		{DA0F4C7D-30F8-431F-A0A8-3A5ED97D6F51}.Debug|Any CPU.ActiveCfg = Debug|Any CPU
		{DA0F4C7D-30F8-431F-A0A8-3A5ED97D6F51}.Debug|Any CPU.Build.0 = Debug|Any CPU
		{DA0F4C7D-30F8-431F-A0A8-3A5ED97D6F51}.Release|Any CPU.ActiveCfg = Release|Any CPU
		{DA0F4C7D-30F8-431F-A0A8-3A5ED97D6F51}.Release|Any CPU.Build.0 = Release|Any CPU
	EndGlobalSection
	GlobalSection(SolutionProperties) = preSolution
		HideSolutionNode = FALSE
	EndGlobalSection
	GlobalSection(NestedProjects) = preSolution
		{BE40A3F3-FF44-41E2-A7E2-884D0E2D8042} = {DC8F7E3A-4DDD-4C5E-B94A-1F80390AB7E0}
		{AA3CFCA7-0D37-4A7F-8977-FCEFE87628C3} = {DC8F7E3A-4DDD-4C5E-B94A-1F80390AB7E0}
		{1BEAE483-C72C-47BD-A896-3E5E2A27B2A5} = {DC8F7E3A-4DDD-4C5E-B94A-1F80390AB7E0}
		{7990618F-12B8-48B0-97D7-10CE0D68063E} = {DC8F7E3A-4DDD-4C5E-B94A-1F80390AB7E0}
		{4CE95C57-06CA-4C54-9229-CE2F444D76F0} = {AE25E0AD-714F-4E88-A77A-90EEE4FE96DA}
		{D6229756-8EC6-421D-95C5-8E7D0F5EFC3C} = {AE25E0AD-714F-4E88-A77A-90EEE4FE96DA}
		{C833B42E-177A-440B-A5CC-CC6A589FD33F} = {AE25E0AD-714F-4E88-A77A-90EEE4FE96DA}
		{C86D7050-06D8-40DD-9E65-9E5A8A341F7F} = {AE25E0AD-714F-4E88-A77A-90EEE4FE96DA}
		{CF4B4857-6E1A-4BC5-A8F0-B6827B02C1A0} = {AE25E0AD-714F-4E88-A77A-90EEE4FE96DA}
		{397FCB0F-23DE-4B8A-8C35-9174106DF8B9} = {AE25E0AD-714F-4E88-A77A-90EEE4FE96DA}
		{962439BF-27D2-4DBC-ABFC-35E4537A29A6} = {AE25E0AD-714F-4E88-A77A-90EEE4FE96DA}
		{AEB82442-842A-461D-9A73-395F6322CF14} = {AE25E0AD-714F-4E88-A77A-90EEE4FE96DA}
		{75C88290-0C41-4766-AA53-A78E7473E432} = {9D707440-83D2-4EF3-9E0C-1C05881D2AF2}
		{D32AE4FD-4A61-4872-B56B-00D60004E663} = {9D707440-83D2-4EF3-9E0C-1C05881D2AF2}
		{DA0F4C7D-30F8-431F-A0A8-3A5ED97D6F51} = {9D707440-83D2-4EF3-9E0C-1C05881D2AF2}
	EndGlobalSection
EndGlobal
